
Microsoft Visual Studio Solution File, Format Version 12.00
# Visual Studio 15
VisualStudioVersion = 15.0.28307.645
MinimumVisualStudioVersion = 10.0.40219.1
Project("{FAE04EC0-301F-11D3-BF4B-00C04F79EFBC}") = "WindowsServiceToRunAppAsAdmin", "WindowsServiceToRunAppAsAdmin\WindowsServiceToRunAppAsAdmin.csproj", "{D5BFE8CD-FEEB-49B4-AF65-104D2BF9113E}"
EndProject
Project("{54435603-DBB4-11D2-8724-00A0C9A8B90C}") = "SetupWindowsServiceToRunAppAsAdmin", "SetupWindowsServiceToRunAppAsAdmin\SetupWindowsServiceToRunAppAsAdmin.vdproj", "{381EDA96-09C1-426F-9B0D-883DA7CF728B}"
EndProject
Global
	GlobalSection(SolutionConfigurationPlatforms) = preSolution
		Debug|Any CPU = Debug|Any CPU
		Release|Any CPU = Release|Any CPU
	EndGlobalSection
	GlobalSection(ProjectConfigurationPlatforms) = postSolution
		{D5BFE8CD-FEEB-49B4-AF65-104D2BF9113E}.Debug|Any CPU.ActiveCfg = Debug|Any CPU
		{D5BFE8CD-FEEB-49B4-AF65-104D2BF9113E}.Debug|Any CPU.Build.0 = Debug|Any CPU
		{D5BFE8CD-FEEB-49B4-AF65-104D2BF9113E}.Release|Any CPU.ActiveCfg = Release|Any CPU
		{D5BFE8CD-FEEB-49B4-AF65-104D2BF9113E}.Release|Any CPU.Build.0 = Release|Any CPU
		{381EDA96-09C1-426F-9B0D-883DA7CF728B}.Debug|Any CPU.ActiveCfg = Debug
		{381EDA96-09C1-426F-9B0D-883DA7CF728B}.Release|Any CPU.ActiveCfg = Release
	EndGlobalSection
	GlobalSection(SolutionProperties) = preSolution
		HideSolutionNode = FALSE
	EndGlobalSection
	GlobalSection(ExtensibilityGlobals) = postSolution
		SolutionGuid = {D91089C6-4324-430E-B4AF-7720A6B0CE27}
	EndGlobalSection
EndGlobal
